
Microsoft Visual Studio Solution File, Format Version 12.00
# Visual Studio Version 16
VisualStudioVersion = 16.0.30413.136
MinimumVisualStudioVersion = 10.0.40219.1
Project("{FAE04EC0-301F-11D3-BF4B-00C04F79EFBC}") = "WebApplicationDemo", "WebApplicationDemo.csproj", "{2BF10F47-366E-4490-A569-D5D8B44B48BB}"
EndProject
Global
	GlobalSection(SolutionConfigurationPlatforms) = preSolution
		Debug|Any CPU = Debug|Any CPU
		Release|Any CPU = Release|Any CPU
	EndGlobalSection
	GlobalSection(ProjectConfigurationPlatforms) = postSolution
		{2BF10F47-366E-4490-A569-D5D8B44B48BB}.Debug|Any CPU.ActiveCfg = Debug|Any CPU
		{2BF10F47-366E-4490-A569-D5D8B44B48BB}.Debug|Any CPU.Build.0 = Debug|Any CPU
		{2BF10F47-366E-4490-A569-D5D8B44B48BB}.Release|Any CPU.ActiveCfg = Release|Any CPU
		{2BF10F47-366E-4490-A569-D5D8B44B48BB}.Release|Any CPU.Build.0 = Release|Any CPU
	EndGlobalSection
	GlobalSection(SolutionProperties) = preSolution
		HideSolutionNode = FALSE
	EndGlobalSection
	GlobalSection(ExtensibilityGlobals) = postSolution
		SolutionGuid = {26977A7A-F2AA-4301-A70E-5E615B1A98C1}
	EndGlobalSection
EndGlobal
